
Microsoft Visual Studio Solution File, Format Version 12.00
# Visual Studio Version 17
VisualStudioVersion = 17.10.35013.160
MinimumVisualStudioVersion = 10.0.40219.1
Project("{9A19103F-16F7-4668-BE54-9A1E7A4F7556}") = "BibliotecaMobile", "BibliotecaMobile\BibliotecaMobile.csproj", "{11BD8DB3-D00F-488A-83AD-36CB588F6403}"
EndProject
Global
	GlobalSection(SolutionConfigurationPlatforms) = preSolution
		Debug|Any CPU = Debug|Any CPU
		Release|Any CPU = Release|Any CPU
	EndGlobalSection
	GlobalSection(ProjectConfigurationPlatforms) = postSolution
		{11BD8DB3-D00F-488A-83AD-36CB588F6403}.Debug|Any CPU.ActiveCfg = Debug|Any CPU
		{11BD8DB3-D00F-488A-83AD-36CB588F6403}.Debug|Any CPU.Build.0 = Debug|Any CPU
		{11BD8DB3-D00F-488A-83AD-36CB588F6403}.Debug|Any CPU.Deploy.0 = Debug|Any CPU
		{11BD8DB3-D00F-488A-83AD-36CB588F6403}.Release|Any CPU.ActiveCfg = Release|Any CPU
		{11BD8DB3-D00F-488A-83AD-36CB588F6403}.Release|Any CPU.Build.0 = Release|Any CPU
		{11BD8DB3-D00F-488A-83AD-36CB588F6403}.Release|Any CPU.Deploy.0 = Release|Any CPU
	EndGlobalSection
	GlobalSection(SolutionProperties) = preSolution
		HideSolutionNode = FALSE
	EndGlobalSection
	GlobalSection(ExtensibilityGlobals) = postSolution
		SolutionGuid = {949B2233-936D-406D-93B0-1440C38A5D55}
	EndGlobalSection
EndGlobal
